
Microsoft Visual Studio Solution File, Format Version 12.00
# Visual Studio Version 16
VisualStudioVersion = 16.0.29519.87
MinimumVisualStudioVersion = 10.0.40219.1
Project("{FAE04EC0-301F-11D3-BF4B-00C04F79EFBC}") = "ListViewComPickerPractise.Android", "ListViewComPickerPractise\ListViewComPickerPractise.Android\ListViewComPickerPractise.Android.csproj", "{7D5758F5-0182-4441-A056-ADADBC8F3B75}"
EndProject
Project("{FAE04EC0-301F-11D3-BF4B-00C04F79EFBC}") = "ListViewComPickerPractise.iOS", "ListViewComPickerPractise\ListViewComPickerPractise.iOS\ListViewComPickerPractise.iOS.csproj", "{67ACD6B9-BAB8-4A03-9E0F-2AA09393B138}"
EndProject
Project("{FAE04EC0-301F-11D3-BF4B-00C04F79EFBC}") = "ListViewComPickerPractise", "ListViewComPickerPractise\ListViewComPickerPractise\ListViewComPickerPractise.csproj", "{03796E4D-6C05-47C7-8993-1C44CAAF9380}"
EndProject
Global
	GlobalSection(SolutionConfigurationPlatforms) = preSolution
		Debug|Any CPU = Debug|Any CPU
		Debug|iPhone = Debug|iPhone
		Debug|iPhoneSimulator = Debug|iPhoneSimulator
		Release|Any CPU = Release|Any CPU
		Release|iPhone = Release|iPhone
		Release|iPhoneSimulator = Release|iPhoneSimulator
	EndGlobalSection
	GlobalSection(ProjectConfigurationPlatforms) = postSolution
		{7D5758F5-0182-4441-A056-ADADBC8F3B75}.Debug|Any CPU.ActiveCfg = Debug|Any CPU
		{7D5758F5-0182-4441-A056-ADADBC8F3B75}.Debug|Any CPU.Build.0 = Debug|Any CPU
		{7D5758F5-0182-4441-A056-ADADBC8F3B75}.Debug|Any CPU.Deploy.0 = Debug|Any CPU
		{7D5758F5-0182-4441-A056-ADADBC8F3B75}.Debug|iPhone.ActiveCfg = Debug|Any CPU
		{7D5758F5-0182-4441-A056-ADADBC8F3B75}.Debug|iPhone.Build.0 = Debug|Any CPU
		{7D5758F5-0182-4441-A056-ADADBC8F3B75}.Debug|iPhone.Deploy.0 = Debug|Any CPU
		{7D5758F5-0182-4441-A056-ADADBC8F3B75}.Debug|iPhoneSimulator.ActiveCfg = Debug|Any CPU
		{7D5758F5-0182-4441-A056-ADADBC8F3B75}.Debug|iPhoneSimulator.Build.0 = Debug|Any CPU
		{7D5758F5-0182-4441-A056-ADADBC8F3B75}.Debug|iPhoneSimulator.Deploy.0 = Debug|Any CPU
		{7D5758F5-0182-4441-A056-ADADBC8F3B75}.Release|Any CPU.ActiveCfg = Release|Any CPU
		{7D5758F5-0182-4441-A056-ADADBC8F3B75}.Release|Any CPU.Build.0 = Release|Any CPU
		{7D5758F5-0182-4441-A056-ADADBC8F3B75}.Release|Any CPU.Deploy.0 = Release|Any CPU
		{7D5758F5-0182-4441-A056-ADADBC8F3B75}.Release|iPhone.ActiveCfg = Release|Any CPU
		{7D5758F5-0182-4441-A056-ADADBC8F3B75}.Release|iPhone.Build.0 = Release|Any CPU
		{7D5758F5-0182-4441-A056-ADADBC8F3B75}.Release|iPhone.Deploy.0 = Release|Any CPU
		{7D5758F5-0182-4441-A056-ADADBC8F3B75}.Release|iPhoneSimulator.ActiveCfg = Release|Any CPU
		{7D5758F5-0182-4441-A056-ADADBC8F3B75}.Release|iPhoneSimulator.Build.0 = Release|Any CPU
		{7D5758F5-0182-4441-A056-ADADBC8F3B75}.Release|iPhoneSimulator.Deploy.0 = Release|Any CPU
		{67ACD6B9-BAB8-4A03-9E0F-2AA09393B138}.Debug|Any CPU.ActiveCfg = Debug|iPhoneSimulator
		{67ACD6B9-BAB8-4A03-9E0F-2AA09393B138}.Debug|Any CPU.Build.0 = Debug|iPhoneSimulator
		{67ACD6B9-BAB8-4A03-9E0F-2AA09393B138}.Debug|Any CPU.Deploy.0 = Debug|iPhoneSimulator
		{67ACD6B9-BAB8-4A03-9E0F-2AA09393B138}.Debug|iPhone.ActiveCfg = Debug|iPhone
		{67ACD6B9-BAB8-4A03-9E0F-2AA09393B138}.Debug|iPhone.Build.0 = Debug|iPhone
		{67ACD6B9-BAB8-4A03-9E0F-2AA09393B138}.Debug|iPhone.Deploy.0 = Debug|iPhone
		{67ACD6B9-BAB8-4A03-9E0F-2AA09393B138}.Debug|iPhoneSimulator.ActiveCfg = Debug|iPhoneSimulator
		{67ACD6B9-BAB8-4A03-9E0F-2AA09393B138}.Debug|iPhoneSimulator.Build.0 = Debug|iPhoneSimulator
		{67ACD6B9-BAB8-4A03-9E0F-2AA09393B138}.Debug|iPhoneSimulator.Deploy.0 = Debug|iPhoneSimulator
		{67ACD6B9-BAB8-4A03-9E0F-2AA09393B138}.Release|Any CPU.ActiveCfg = Release|iPhone
		{67ACD6B9-BAB8-4A03-9E0F-2AA09393B138}.Release|Any CPU.Build.0 = Release|iPhone
		{67ACD6B9-BAB8-4A03-9E0F-2AA09393B138}.Release|Any CPU.Deploy.0 = Release|iPhone
		{67ACD6B9-BAB8-4A03-9E0F-2AA09393B138}.Release|iPhone.ActiveCfg = Release|iPhone
		{67ACD6B9-BAB8-4A03-9E0F-2AA09393B138}.Release|iPhone.Build.0 = Release|iPhone
		{67ACD6B9-BAB8-4A03-9E0F-2AA09393B138}.Release|iPhone.Deploy.0 = Release|iPhone
		{67ACD6B9-BAB8-4A03-9E0F-2AA09393B138}.Release|iPhoneSimulator.ActiveCfg = Release|iPhoneSimulator
		{67ACD6B9-BAB8-4A03-9E0F-2AA09393B138}.Release|iPhoneSimulator.Build.0 = Release|iPhoneSimulator
		{67ACD6B9-BAB8-4A03-9E0F-2AA09393B138}.Release|iPhoneSimulator.Deploy.0 = Release|iPhoneSimulator
		{03796E4D-6C05-47C7-8993-1C44CAAF9380}.Debug|Any CPU.ActiveCfg = Debug|Any CPU
		{03796E4D-6C05-47C7-8993-1C44CAAF9380}.Debug|Any CPU.Build.0 = Debug|Any CPU
		{03796E4D-6C05-47C7-8993-1C44CAAF9380}.Debug|Any CPU.Deploy.0 = Debug|Any CPU
		{03796E4D-6C05-47C7-8993-1C44CAAF9380}.Debug|iPhone.ActiveCfg = Debug|Any CPU
		{03796E4D-6C05-47C7-8993-1C44CAAF9380}.Debug|iPhone.Build.0 = Debug|Any CPU
		{03796E4D-6C05-47C7-8993-1C44CAAF9380}.Debug|iPhone.Deploy.0 = Debug|Any CPU
		{03796E4D-6C05-47C7-8993-1C44CAAF9380}.Debug|iPhoneSimulator.ActiveCfg = Debug|Any CPU
		{03796E4D-6C05-47C7-8993-1C44CAAF9380}.Debug|iPhoneSimulator.Build.0 = Debug|Any CPU
		{03796E4D-6C05-47C7-8993-1C44CAAF9380}.Debug|iPhoneSimulator.Deploy.0 = Debug|Any CPU
		{03796E4D-6C05-47C7-8993-1C44CAAF9380}.Release|Any CPU.ActiveCfg = Release|Any CPU
		{03796E4D-6C05-47C7-8993-1C44CAAF9380}.Release|Any CPU.Build.0 = Release|Any CPU
		{03796E4D-6C05-47C7-8993-1C44CAAF9380}.Release|Any CPU.Deploy.0 = Release|Any CPU
		{03796E4D-6C05-47C7-8993-1C44CAAF9380}.Release|iPhone.ActiveCfg = Release|Any CPU
		{03796E4D-6C05-47C7-8993-1C44CAAF9380}.Release|iPhone.Build.0 = Release|Any CPU
		{03796E4D-6C05-47C7-8993-1C44CAAF9380}.Release|iPhone.Deploy.0 = Release|Any CPU
		{03796E4D-6C05-47C7-8993-1C44CAAF9380}.Release|iPhoneSimulator.ActiveCfg = Release|Any CPU
		{03796E4D-6C05-47C7-8993-1C44CAAF9380}.Release|iPhoneSimulator.Build.0 = Release|Any CPU
		{03796E4D-6C05-47C7-8993-1C44CAAF9380}.Release|iPhoneSimulator.Deploy.0 = Release|Any CPU
	EndGlobalSection
	GlobalSection(SolutionProperties) = preSolution
		HideSolutionNode = FALSE
	EndGlobalSection
	GlobalSection(ExtensibilityGlobals) = postSolution
		SolutionGuid = {88847500-6671-405E-A6A6-5675D8A9DCBA}
	EndGlobalSection
EndGlobal
